<?xml version="1.0" encoding="utf-8"?>
<Project ToolsVersion="4.0" xmlns="http://schemas.microsoft.com/developer/msbuild/2003">
  <ItemGroup>
    <Filter Include="Source Files">
      <UniqueIdentifier>{4FC737F1-C7A5-4376-A066-2A32D752A2FF}</UniqueIdentifier>
      <Extensions>cpp;c;cc;cxx;def;odl;idl;hpj;bat;asm;asmx</Extensions>
    </Filter>
    <Filter Include="Header Files">
      <UniqueIdentifier>{93995380-89BD-4b04-88EB-625FBE52EBFB}</UniqueIdentifier>
      <Extensions>h;hh;hpp;hxx;hm;inl;inc;ipp;xsd</Extensions>
    </Filter>
    <Filter Include="Resource Files">
      <UniqueIdentifier>{67DA6AB6-F800-4c08-8B7A-83BB121AAD01}</UniqueIdentifier>
      <Extensions>rc;ico;cur;bmp;dlg;rc2;rct;bin;rgs;gif;jpg;jpeg;jpe;resx;tiff;tif;png;wav;mfcribbon-ms</Extensions>
    </Filter>
    <Filter Include="Application">
      <UniqueIdentifier>{100dac6b-169e-4b4d-91f4-6c7bdc93eaea}</UniqueIdentifier>
    </Filter>
    <Filter Include="Application\Initializer">
      <UniqueIdentifier>{eca04638-2246-40ee-adf7-18fd8e84fa3f}</UniqueIdentifier>
    </Filter>
    <Filter Include="Application\Initializer\Algorythm">
      <UniqueIdentifier>{3720ff46-8154-4919-b532-b6bce087ccc7}</UniqueIdentifier>
    </Filter>
    <Filter Include="Application\Initializer\Algorythm\Menu">
      <UniqueIdentifier>{c3ec3556-86ff-4960-9981-29017487bd50}</UniqueIdentifier>
    </Filter>
    <Filter Include="Application\Initializer\Initializers">
      <UniqueIdentifier>{e5587da9-5b17-449f-8edd-adb2ac03f985}</UniqueIdentifier>
    </Filter>
    <Filter Include="Application\Initializer\Initializers\AlgoInit">
      <UniqueIdentifier>{07592e27-59ec-41bf-b605-46050e745e47}</UniqueIdentifier>
    </Filter>
    <Filter Include="Application\Initializer\Initializers\AlgoInit\MenuInit">
      <UniqueIdentifier>{08abe69d-fb53-4946-9531-ed490eb5dd2e}</UniqueIdentifier>
    </Filter>
    <Filter Include="Application\Initializer\Initializers\AlgoInit\MenuInit\Starter">
      <UniqueIdentifier>{324cef1e-a189-4e77-9d8c-3b812e5435c0}</UniqueIdentifier>
    </Filter>
    <Filter Include="Application\Initializer\Initialization">
      <UniqueIdentifier>{7c4054cf-a026-47c7-9805-1f9375c1a791}</UniqueIdentifier>
    </Filter>
    <Filter Include="Application\Initializer\Algorythm\GenericAlgorythm">
      <UniqueIdentifier>{686f424c-6f8b-4a31-b47f-def1b21379dd}</UniqueIdentifier>
    </Filter>
    <Filter Include="Application\Data">
      <UniqueIdentifier>{f30489c2-47f4-4fca-be21-6b4428c27a4c}</UniqueIdentifier>
    </Filter>
    <Filter Include="Application\Initializer\Algorythm\GenericAlgorythm\GenericDataAlgorythm">
      <UniqueIdentifier>{cc116a7b-cc30-4d48-ac03-a9a6c977515d}</UniqueIdentifier>
    </Filter>
    <Filter Include="Application\Data\GenericData">
      <UniqueIdentifier>{8bd85a7f-bd62-4c25-b994-90f788a9f1b4}</UniqueIdentifier>
    </Filter>
    <Filter Include="Converter">
      <UniqueIdentifier>{e1c9721d-f263-4328-b391-2d43f231660a}</UniqueIdentifier>
    </Filter>
    <Filter Include="Application\Observer">
      <UniqueIdentifier>{383eb733-b94f-4c37-9efb-d3d7a6a0d3f5}</UniqueIdentifier>
    </Filter>
  </ItemGroup>
  <ItemGroup>
    <ClInclude Include="stdafx.h">
      <Filter>Header Files</Filter>
    </ClInclude>
    <ClInclude Include="targetver.h">
      <Filter>Header Files</Filter>
    </ClInclude>
    <ClInclude Include="IApplication.h">
      <Filter>Application</Filter>
    </ClInclude>
    <ClInclude Include="IInitializer.h">
      <Filter>Application\Initializer</Filter>
    </ClInclude>
    <ClInclude Include="IAlgorythm.h">
      <Filter>Application\Initializer\Algorythm</Filter>
    </ClInclude>
    <ClInclude Include="IMenu.h">
      <Filter>Application\Initializer\Algorythm\Menu</Filter>
    </ClInclude>
    <ClInclude Include="IStarter.h">
      <Filter>Application\Initializer\Initializers\AlgoInit\MenuInit\Starter</Filter>
    </ClInclude>
    <ClInclude Include="IMenuInitializer.h">
      <Filter>Application\Initializer\Initializers\AlgoInit\MenuInit</Filter>
    </ClInclude>
    <ClInclude Include="IGenericAlgo.h">
      <Filter>Application\Initializer\Algorythm\GenericAlgorythm</Filter>
    </ClInclude>
    <ClInclude Include="Initialization.h">
      <Filter>Application\Initializer\Initialization</Filter>
    </ClInclude>
    <ClInclude Include="IData.h">
      <Filter>Application\Data</Filter>
    </ClInclude>
    <ClInclude Include="IGenericDataAlgo.h">
      <Filter>Application\Initializer\Algorythm\GenericAlgorythm\GenericDataAlgorythm</Filter>
    </ClInclude>
    <ClInclude Include="IGenericData.h">
      <Filter>Application\Data\GenericData</Filter>
    </ClInclude>
    <ClInclude Include="Converter.h">
      <Filter>Converter</Filter>
    </ClInclude>
    <ClInclude Include="Observer.h">
      <Filter>Application\Observer</Filter>
    </ClInclude>
  </ItemGroup>
  <ItemGroup>
    <ClCompile Include="stdafx.cpp">
      <Filter>Source Files</Filter>
    </ClCompile>
    <ClCompile Include="ApplicationUtility.cpp">
      <Filter>Source Files</Filter>
    </ClCompile>
    <ClCompile Include="dllmain.cpp">
      <Filter>Source Files</Filter>
    </ClCompile>
  </ItemGroup>
</Project>