<?xml version="1.0" encoding="utf-8"?>
<Project ToolsVersion="4.0" xmlns="http://schemas.microsoft.com/developer/msbuild/2003">
  <ItemGroup>
    <Filter Include="Source Files">
      <UniqueIdentifier>{4FC737F1-C7A5-4376-A066-2A32D752A2FF}</UniqueIdentifier>
      <Extensions>cpp;c;cc;cxx;def;odl;idl;hpj;bat;asm;asmx</Extensions>
    </Filter>
    <Filter Include="Header Files">
      <UniqueIdentifier>{93995380-89BD-4b04-88EB-625FBE52EBFB}</UniqueIdentifier>
      <Extensions>h;hh;hpp;hxx;hm;inl;inc;ipp;xsd</Extensions>
    </Filter>
    <Filter Include="Resource Files">
      <UniqueIdentifier>{67DA6AB6-F800-4c08-8B7A-83BB121AAD01}</UniqueIdentifier>
      <Extensions>rc;ico;cur;bmp;dlg;rc2;rct;bin;rgs;gif;jpg;jpeg;jpe;resx;tiff;tif;png;wav;mfcribbon-ms</Extensions>
    </Filter>
    <Filter Include="Implementation">
      <UniqueIdentifier>{07101183-6748-4057-a3ea-4de6226c7659}</UniqueIdentifier>
    </Filter>
    <Filter Include="Implementation\Application">
      <UniqueIdentifier>{2a6e88bc-20f3-4f87-8c1b-97016deb2821}</UniqueIdentifier>
    </Filter>
    <Filter Include="Implementation\Algo">
      <UniqueIdentifier>{acaa4388-8b76-4932-992b-7848060dd591}</UniqueIdentifier>
    </Filter>
    <Filter Include="Implementation\Initializer">
      <UniqueIdentifier>{52b54b13-08c1-4e97-915c-155e23b2e6b5}</UniqueIdentifier>
    </Filter>
    <Filter Include="Implementation\Menu">
      <UniqueIdentifier>{5300e6e4-d20c-44d2-adee-94a40c18e395}</UniqueIdentifier>
    </Filter>
    <Filter Include="Implementation\Starter">
      <UniqueIdentifier>{ffcb7e9e-6cff-4cc3-9bee-fdcb1ee1bbef}</UniqueIdentifier>
    </Filter>
    <Filter Include="Implementation\InitializersForObjects">
      <UniqueIdentifier>{16154a6f-fa58-420e-ab06-d419b1b90c8b}</UniqueIdentifier>
    </Filter>
    <Filter Include="Implementation\Data">
      <UniqueIdentifier>{4c0ef957-4ef7-44d4-9ef7-bb3e79a454a9}</UniqueIdentifier>
    </Filter>
    <Filter Include="Implementation\InitializersForObjects\Menu">
      <UniqueIdentifier>{87fad653-25ca-4959-b60b-fb52de13144b}</UniqueIdentifier>
    </Filter>
    <Filter Include="Implementation\InitializersForObjects\Starter">
      <UniqueIdentifier>{4f2bf4b6-9099-4452-bb67-9103c7b5fa1d}</UniqueIdentifier>
    </Filter>
    <Filter Include="Implementation\Algo\Factorial">
      <UniqueIdentifier>{e3da6db6-cf3e-42c0-9cdd-128f6cd093aa}</UniqueIdentifier>
    </Filter>
    <Filter Include="Implementation\InitializersForObjects\Menu\FactorialMenu">
      <UniqueIdentifier>{fd317563-c0fa-4fa8-8d08-597e01ec7df2}</UniqueIdentifier>
    </Filter>
    <Filter Include="Implementation\Data\Factorial">
      <UniqueIdentifier>{dc9f9f3a-a1af-4942-939f-c46492935a97}</UniqueIdentifier>
    </Filter>
    <Filter Include="Implementation\Menu\FactorialMenu">
      <UniqueIdentifier>{f68b45a7-a72a-4bc7-acd4-798fac043404}</UniqueIdentifier>
    </Filter>
    <Filter Include="Implementation\Menu\MatchesMenu">
      <UniqueIdentifier>{0060afd4-c027-4bc0-a4dc-90da8522e9bd}</UniqueIdentifier>
    </Filter>
  </ItemGroup>
  <ItemGroup>
    <ClInclude Include="pch.h">
      <Filter>Header Files</Filter>
    </ClInclude>
    <ClInclude Include="MatchesAlgo.h">
      <Filter>Implementation\Algo</Filter>
    </ClInclude>
    <ClInclude Include="MatchesData.h">
      <Filter>Implementation\Data</Filter>
    </ClInclude>
    <ClInclude Include="ConsoleMenu.h">
      <Filter>Implementation\Menu</Filter>
    </ClInclude>
    <ClInclude Include="MatchesApplication.h">
      <Filter>Implementation\Application</Filter>
    </ClInclude>
    <ClInclude Include="MatchesInitializer.h">
      <Filter>Implementation\Initializer</Filter>
    </ClInclude>
    <ClInclude Include="MatchesMenuInitializer.h">
      <Filter>Implementation\InitializersForObjects\Menu</Filter>
    </ClInclude>
    <ClInclude Include="StarterMenuInitializer.h">
      <Filter>Implementation\InitializersForObjects\Starter</Filter>
    </ClInclude>
    <ClInclude Include="FactroialAlgo.h">
      <Filter>Implementation\Algo\Factorial</Filter>
    </ClInclude>
    <ClInclude Include="FactorialData.h">
      <Filter>Implementation\Data\Factorial</Filter>
    </ClInclude>
    <ClInclude Include="MatchesMenu.h">
      <Filter>Implementation\Menu\MatchesMenu</Filter>
    </ClInclude>
    <ClInclude Include="FactorialMenu.h">
      <Filter>Implementation\Menu\FactorialMenu</Filter>
    </ClInclude>
  </ItemGroup>
  <ItemGroup>
    <ClCompile Include="pch.cpp">
      <Filter>Source Files</Filter>
    </ClCompile>
    <ClCompile Include="Matches.cpp">
      <Filter>Source Files</Filter>
    </ClCompile>
    <ClCompile Include="ConsoleMenu.cpp">
      <Filter>Implementation\Menu</Filter>
    </ClCompile>
    <ClCompile Include="MatchesData.cpp">
      <Filter>Implementation\Data</Filter>
    </ClCompile>
    <ClCompile Include="MatchesAlgo.cpp">
      <Filter>Implementation\Algo</Filter>
    </ClCompile>
    <ClCompile Include="MatchesInitializer.cpp">
      <Filter>Implementation\Initializer</Filter>
    </ClCompile>
    <ClCompile Include="MatchesApplication.cpp">
      <Filter>Implementation\Application</Filter>
    </ClCompile>
    <ClCompile Include="MatchesMenuInitializer.cpp">
      <Filter>Implementation\InitializersForObjects\Menu</Filter>
    </ClCompile>
    <ClCompile Include="StarterMenuInitializer.cpp">
      <Filter>Implementation\InitializersForObjects\Starter</Filter>
    </ClCompile>
    <ClCompile Include="FactrorialAlgo.cpp">
      <Filter>Implementation\Algo\Factorial</Filter>
    </ClCompile>
  </ItemGroup>
</Project>